
Microsoft Visual Studio Solution File, Format Version 12.00
# Visual Studio 2012
Project("{FAE04EC0-301F-11D3-BF4B-00C04F79EFBC}") = "ModelViewer", "ModelViewer\ModelViewer.csproj", "{AB6A4302-6B39-4606-874C-53CE263BB2A2}"
EndProject
Global
	GlobalSection(SolutionConfigurationPlatforms) = preSolution
		Debug|Any CPU = Debug|Any CPU
		Release|Any CPU = Release|Any CPU
	EndGlobalSection
	GlobalSection(ProjectConfigurationPlatforms) = postSolution
		{AB6A4302-6B39-4606-874C-53CE263BB2A2}.Debug|Any CPU.ActiveCfg = Debug|Any CPU
		{AB6A4302-6B39-4606-874C-53CE263BB2A2}.Debug|Any CPU.Build.0 = Debug|Any CPU
		{AB6A4302-6B39-4606-874C-53CE263BB2A2}.Release|Any CPU.ActiveCfg = Release|Any CPU
		{AB6A4302-6B39-4606-874C-53CE263BB2A2}.Release|Any CPU.Build.0 = Release|Any CPU
	EndGlobalSection
	GlobalSection(SolutionProperties) = preSolution
		HideSolutionNode = FALSE
	EndGlobalSection
EndGlobal
